
Microsoft Visual Studio Solution File, Format Version 12.00
# Visual Studio 2012
Project("{2150E333-8FDC-42A3-9474-1A3956D46DE8}") = "Solution Items", "Solution Items", "{EF5F5657-B9D6-4FF7-8F29-5D7704698C37}"
	ProjectSection(SolutionItems) = preProject
		LisaKatherine.vsmdi = LisaKatherine.vsmdi
		Local.testsettings = Local.testsettings
		TraceAndTestImpact.testsettings = TraceAndTestImpact.testsettings
	EndProjectSection
EndProject
Project("{FAE04EC0-301F-11D3-BF4B-00C04F79EFBC}") = "LisaKatherine", "LisaKatherine\LisaKatherine.csproj", "{AB23658E-972B-4A99-B8BC-AE438857FFFE}"
EndProject
Project("{FAE04EC0-301F-11D3-BF4B-00C04F79EFBC}") = "MvcPager", "MVCPager\MvcPager.csproj", "{71DCE177-5227-4D7E-A5CB-298AFE33ABE1}"
EndProject
Project("{FAE04EC0-301F-11D3-BF4B-00C04F79EFBC}") = "LisaKatherine.Admin", "LisaKatherine.Admin\LisaKatherine.Admin.csproj", "{4E75E340-B84E-416B-9EC2-A778DDF41B6E}"
EndProject
Project("{FAE04EC0-301F-11D3-BF4B-00C04F79EFBC}") = "LisaKatherineTests", "LisaKatherineTests\LisaKatherineTests.csproj", "{AD8E64F8-AEFD-4402-AA26-532E300CF331}"
EndProject
Global
	GlobalSection(TestCaseManagementSettings) = postSolution
		CategoryFile = LisaKatherine.vsmdi
	EndGlobalSection
	GlobalSection(SolutionConfigurationPlatforms) = preSolution
		Debug|Any CPU = Debug|Any CPU
		Release|Any CPU = Release|Any CPU
	EndGlobalSection
	GlobalSection(ProjectConfigurationPlatforms) = postSolution
		{AB23658E-972B-4A99-B8BC-AE438857FFFE}.Debug|Any CPU.ActiveCfg = Debug|Any CPU
		{AB23658E-972B-4A99-B8BC-AE438857FFFE}.Debug|Any CPU.Build.0 = Debug|Any CPU
		{AB23658E-972B-4A99-B8BC-AE438857FFFE}.Release|Any CPU.ActiveCfg = Release|Any CPU
		{AB23658E-972B-4A99-B8BC-AE438857FFFE}.Release|Any CPU.Build.0 = Release|Any CPU
		{71DCE177-5227-4D7E-A5CB-298AFE33ABE1}.Debug|Any CPU.ActiveCfg = Debug|Any CPU
		{71DCE177-5227-4D7E-A5CB-298AFE33ABE1}.Debug|Any CPU.Build.0 = Debug|Any CPU
		{71DCE177-5227-4D7E-A5CB-298AFE33ABE1}.Release|Any CPU.ActiveCfg = Release|Any CPU
		{71DCE177-5227-4D7E-A5CB-298AFE33ABE1}.Release|Any CPU.Build.0 = Release|Any CPU
		{4E75E340-B84E-416B-9EC2-A778DDF41B6E}.Debug|Any CPU.ActiveCfg = Debug|Any CPU
		{4E75E340-B84E-416B-9EC2-A778DDF41B6E}.Debug|Any CPU.Build.0 = Debug|Any CPU
		{4E75E340-B84E-416B-9EC2-A778DDF41B6E}.Release|Any CPU.ActiveCfg = Release|Any CPU
		{4E75E340-B84E-416B-9EC2-A778DDF41B6E}.Release|Any CPU.Build.0 = Release|Any CPU
		{AD8E64F8-AEFD-4402-AA26-532E300CF331}.Debug|Any CPU.ActiveCfg = Debug|Any CPU
		{AD8E64F8-AEFD-4402-AA26-532E300CF331}.Debug|Any CPU.Build.0 = Debug|Any CPU
		{AD8E64F8-AEFD-4402-AA26-532E300CF331}.Release|Any CPU.ActiveCfg = Release|Any CPU
		{AD8E64F8-AEFD-4402-AA26-532E300CF331}.Release|Any CPU.Build.0 = Release|Any CPU
	EndGlobalSection
	GlobalSection(SolutionProperties) = preSolution
		HideSolutionNode = FALSE
	EndGlobalSection
EndGlobal
